<Solution>
  <Folder Name="/Solution Items/">
    <File Path="../../../Downloads/ci.yml" />
    <File Path="../../../Downloads/CLAUDE.md" />
    <File Path="../../../Downloads/FEATURES.md" />
    <File Path="../../../Downloads/gitignore" />
    <File Path="../../../Downloads/USER_STORIES.md" />
    <File Path=".editorconfig" />
  </Folder>
</Solution>
